PODS:
  - CloudCore (5.1.0)
  - Connectivity (6.0.0)
  - Eureka (5.4.0)
  - SwiftDate (6.3.1)
  - WhatsNewKit (1.3.7)

DEPENDENCIES:
  - CloudCore
  - Connectivity
  - Eureka
  - SwiftDate (from `https://github.com/deeje/SwiftDate.git`)
  - WhatsNewKit

SPEC REPOS:
  trunk:
    - CloudCore
    - Connectivity
    - Eureka
    - WhatsNewKit

EXTERNAL SOURCES:
  SwiftDate:
    :git: https://github.com/deeje/SwiftDate.git

CHECKOUT OPTIONS:
  SwiftDate:
    :commit: 6e47be2b0392218b9caebc71d56fcff40b6e8421
    :git: https://github.com/deeje/SwiftDate.git

SPEC CHECKSUMS:
  CloudCore: 58f9d79ed65f46b3f11de807c9424c97ab23b7ab
  Connectivity: 1919d4dc94c63514a2ec0574336f2e83857a20a8
  Eureka: fadaa9fa3d6e402d3c60f78f24edf3d7bafc9c29
  SwiftDate: 72d28954e8e1c6c1c0f917ccc8005e4f83c7d4b2
  WhatsNewKit: c87028c4059dccd113495422801914cc53f6aab0

PODFILE CHECKSUM: 64f5919d34154e1bb18d185de4d66f9964047cf6

COCOAPODS: 1.12.0
