PODS:
  - CloudCore (6.0.0)
  - SwiftDate (7.0.0)
  - WhatsNewKit (1.3.7)

DEPENDENCIES:
  - CloudCore (from `../../Libraries/CloudCore`)
  - SwiftDate
  - WhatsNewKit

SPEC REPOS:
  trunk:
    - SwiftDate
    - WhatsNewKit

EXTERNAL SOURCES:
  CloudCore:
    :path: "../../Libraries/CloudCore"

SPEC CHECKSUMS:
  CloudCore: 1d5562b5a2ddb69aa3ed0cd8b7b66ea5957683e0
  SwiftDate: bbc26e26fc8c0c33fbee8c140c5e8a68293a148a
  WhatsNewKit: c87028c4059dccd113495422801914cc53f6aab0

PODFILE CHECKSUM: aecf6000e8cba9067baa56062c47e134c602b6ff

COCOAPODS: 1.16.2
